
Microsoft Visual Studio Solution File, Format Version 12.00
# Visual Studio Version 17
VisualStudioVersion = 17.1.32210.238
MinimumVisualStudioVersion = 10.0.40219.1
Project("{6EC3EE1D-3C4E-46DD-8F32-0CC8E7565705}") = "SymbolicNet6", "SymbolicNet6\SymbolicNet6.fsproj", "{8B440313-E058-4C1C-9F11-F088ED811117}"
EndProject
Project("{6EC3EE1D-3C4E-46DD-8F32-0CC8E7565705}") = "SymbolicNet6.Tests", "SymbolicNet6.Test\SymbolicNet6.Tests.fsproj", "{B8A0DD59-2D8C-4D7C-9925-D7310DE6965B}"
EndProject
Project("{6EC3EE1D-3C4E-46DD-8F32-0CC8E7565705}") = "debuggerNet6", "debuggerNet6\debuggerNet6.fsproj", "{42040346-F952-49D2-BCE4-50B44965E3DC}"
EndProject
Project("{2150E333-8FDC-42A3-9474-1A3956D46DE8}") = "Misc", "Misc", "{2EF66F82-4FD8-46D5-9C25-E2BF70700E11}"
	ProjectSection(SolutionItems) = preProject
		DiffSharp.fsx = DiffSharp.fsx
		DiffSharp.ipynb = DiffSharp.ipynb
		expr.test.fsx = expr.test.fsx
		linqExpTest.fsx = linqExpTest.fsx
		Scripts\Strategy.fsx = Scripts\Strategy.fsx
	EndProjectSection
EndProject
Global
	GlobalSection(SolutionConfigurationPlatforms) = preSolution
		Debug|Any CPU = Debug|Any CPU
		Release|Any CPU = Release|Any CPU
	EndGlobalSection
	GlobalSection(ProjectConfigurationPlatforms) = postSolution
		{8B440313-E058-4C1C-9F11-F088ED811117}.Debug|Any CPU.ActiveCfg = Debug|Any CPU
		{8B440313-E058-4C1C-9F11-F088ED811117}.Debug|Any CPU.Build.0 = Debug|Any CPU
		{8B440313-E058-4C1C-9F11-F088ED811117}.Release|Any CPU.ActiveCfg = Release|Any CPU
		{8B440313-E058-4C1C-9F11-F088ED811117}.Release|Any CPU.Build.0 = Release|Any CPU
		{B8A0DD59-2D8C-4D7C-9925-D7310DE6965B}.Debug|Any CPU.ActiveCfg = Debug|Any CPU
		{B8A0DD59-2D8C-4D7C-9925-D7310DE6965B}.Debug|Any CPU.Build.0 = Debug|Any CPU
		{B8A0DD59-2D8C-4D7C-9925-D7310DE6965B}.Release|Any CPU.ActiveCfg = Release|Any CPU
		{B8A0DD59-2D8C-4D7C-9925-D7310DE6965B}.Release|Any CPU.Build.0 = Release|Any CPU
		{42040346-F952-49D2-BCE4-50B44965E3DC}.Debug|Any CPU.ActiveCfg = Debug|Any CPU
		{42040346-F952-49D2-BCE4-50B44965E3DC}.Debug|Any CPU.Build.0 = Debug|Any CPU
		{42040346-F952-49D2-BCE4-50B44965E3DC}.Release|Any CPU.ActiveCfg = Release|Any CPU
		{42040346-F952-49D2-BCE4-50B44965E3DC}.Release|Any CPU.Build.0 = Release|Any CPU
	EndGlobalSection
	GlobalSection(SolutionProperties) = preSolution
		HideSolutionNode = FALSE
	EndGlobalSection
	GlobalSection(ExtensibilityGlobals) = postSolution
		SolutionGuid = {221D22F1-C001-4148-B6BA-9EE6C32D41E8}
	EndGlobalSection
EndGlobal
